// !$*UTF8*$!
{
	archiveVersion = 1;
	classes = {
	};
	objectVersion = 50;
	objects = {

/* Begin PBXBuildFile section */
		8E1DE580B138DDA972AAFCDC /* Pods_Insta_Firebase.framework in Frameworks */ = {isa = PBXBuildFile; fileRef = D5148552221486955550B9DF /* Pods_Insta_Firebase.framework */; };
		BD09038A21038D5D009E66FA /* AppDelegate.swift in Sources */ = {isa = PBXBuildFile; fileRef = BD09038921038D5D009E66FA /* AppDelegate.swift */; };
		BD09038C21038D5D009E66FA /* signUpViewController.swift in Sources */ = {isa = PBXBuildFile; fileRef = BD09038B21038D5D009E66FA /* signUpViewController.swift */; };
		BD09038F21038D5D009E66FA /* Main.storyboard in Resources */ = {isa = PBXBuildFile; fileRef = BD09038D21038D5D009E66FA /* Main.storyboard */; };
		BD09039121038D5E009E66FA /* Assets.xcassets in Resources */ = {isa = PBXBuildFile; fileRef = BD09039021038D5E009E66FA /* Assets.xcassets */; };
		BD09039421038D5E009E66FA /* LaunchScreen.storyboard in Resources */ = {isa = PBXBuildFile; fileRef = BD09039221038D5E009E66FA /* LaunchScreen.storyboard */; };
		BD09039D21039FC5009E66FA /* Uitilities.swift in Sources */ = {isa = PBXBuildFile; fileRef = BD09039C21039FC5009E66FA /* Uitilities.swift */; };
		BD09039F2103FE9A009E66FA /* GoogleService-Info.plist in Resources */ = {isa = PBXBuildFile; fileRef = BD09039E2103FE9A009E66FA /* GoogleService-Info.plist */; };
		BDF6DECF21066DC8003B9B9F /* MainTabBarController.swift in Sources */ = {isa = PBXBuildFile; fileRef = BDF6DECE21066DC8003B9B9F /* MainTabBarController.swift */; };
		BDF6DED22106725F003B9B9F /* UserProfileController.swift in Sources */ = {isa = PBXBuildFile; fileRef = BDF6DED12106725F003B9B9F /* UserProfileController.swift */; };
		BDF6DED52107FAA1003B9B9F /* UserProfileHeaderCell.swift in Sources */ = {isa = PBXBuildFile; fileRef = BDF6DED42107FAA1003B9B9F /* UserProfileHeaderCell.swift */; };
		BDF6DED721080A3D003B9B9F /* UserDetails.swift in Sources */ = {isa = PBXBuildFile; fileRef = BDF6DED621080A3D003B9B9F /* UserDetails.swift */; };
		BDF6DEDB2108D830003B9B9F /* LoginController.swift in Sources */ = {isa = PBXBuildFile; fileRef = BDF6DEDA2108D830003B9B9F /* LoginController.swift */; };
/* End PBXBuildFile section */

/* Begin PBXFileReference section */
		BA6275F3EF567B7E50B231CE /* Pods-Insta Firebase.debug.xcconfig */ = {isa = PBXFileReference; includeInIndex = 1; lastKnownFileType = text.xcconfig; name = "Pods-Insta Firebase.debug.xcconfig"; path = "Pods/Target Support Files/Pods-Insta Firebase/Pods-Insta Firebase.debug.xcconfig"; sourceTree = "<group>"; };
		BD09038621038D5D009E66FA /* Insta Firebase.app */ = {isa = PBXFileReference; explicitFileType = wrapper.application; includeInIndex = 0; path = "Insta Firebase.app"; sourceTree = BUILT_PRODUCTS_DIR; };
		BD09038921038D5D009E66FA /* AppDelegate.swift */ = {isa = PBXFileReference; lastKnownFileType = sourcecode.swift; path = AppDelegate.swift; sourceTree = "<group>"; };
		BD09038B21038D5D009E66FA /* signUpViewController.swift */ = {isa = PBXFileReference; lastKnownFileType = sourcecode.swift; path = signUpViewController.swift; sourceTree = "<group>"; };
		BD09038E21038D5D009E66FA /* Base */ = {isa = PBXFileReference; lastKnownFileType = file.storyboard; name = Base; path = Base.lproj/Main.storyboard; sourceTree = "<group>"; };
		BD09039021038D5E009E66FA /* Assets.xcassets */ = {isa = PBXFileReference; lastKnownFileType = folder.assetcatalog; path = Assets.xcassets; sourceTree = "<group>"; };
		BD09039321038D5E009E66FA /* Base */ = {isa = PBXFileReference; lastKnownFileType = file.storyboard; name = Base; path = Base.lproj/LaunchScreen.storyboard; sourceTree = "<group>"; };
		BD09039521038D5E009E66FA /* Info.plist */ = {isa = PBXFileReference; lastKnownFileType = text.plist.xml; path = Info.plist; sourceTree = "<group>"; };
		BD09039C21039FC5009E66FA /* Uitilities.swift */ = {isa = PBXFileReference; lastKnownFileType = sourcecode.swift; path = Uitilities.swift; sourceTree = "<group>"; };
		BD09039E2103FE9A009E66FA /* GoogleService-Info.plist */ = {isa = PBXFileReference; fileEncoding = 4; lastKnownFileType = text.plist.xml; path = "GoogleService-Info.plist"; sourceTree = "<group>"; };
		BDF6DECE21066DC8003B9B9F /* MainTabBarController.swift */ = {isa = PBXFileReference; lastKnownFileType = sourcecode.swift; path = MainTabBarController.swift; sourceTree = "<group>"; };
		BDF6DED12106725F003B9B9F /* UserProfileController.swift */ = {isa = PBXFileReference; lastKnownFileType = sourcecode.swift; path = UserProfileController.swift; sourceTree = "<group>"; };
		BDF6DED42107FAA1003B9B9F /* UserProfileHeaderCell.swift */ = {isa = PBXFileReference; lastKnownFileType = sourcecode.swift; path = UserProfileHeaderCell.swift; sourceTree = "<group>"; };
		BDF6DED621080A3D003B9B9F /* UserDetails.swift */ = {isa = PBXFileReference; lastKnownFileType = sourcecode.swift; path = UserDetails.swift; sourceTree = "<group>"; };
		BDF6DEDA2108D830003B9B9F /* LoginController.swift */ = {isa = PBXFileReference; lastKnownFileType = sourcecode.swift; path = LoginController.swift; sourceTree = "<group>"; };
		D5148552221486955550B9DF /* Pods_Insta_Firebase.framework */ = {isa = PBXFileReference; explicitFileType = wrapper.framework; includeInIndex = 0; path = Pods_Insta_Firebase.framework; sourceTree = BUILT_PRODUCTS_DIR; };
		E7A94659D2412D2D23DD607B /* Pods-Insta Firebase.release.xcconfig */ = {isa = PBXFileReference; includeInIndex = 1; lastKnownFileType = text.xcconfig; name = "Pods-Insta Firebase.release.xcconfig"; path = "Pods/Target Support Files/Pods-Insta Firebase/Pods-Insta Firebase.release.xcconfig"; sourceTree = "<group>"; };
/* End PBXFileReference section */

/* Begin PBXFrameworksBuildPhase section */
		BD09038321038D5D009E66FA /* Frameworks */ = {
			isa = PBXFrameworksBuildPhase;
			buildActionMask = 2147483647;
			files = (
				8E1DE580B138DDA972AAFCDC /* Pods_Insta_Firebase.framework in Frameworks */,
			);
			runOnlyForDeploymentPostprocessing = 0;
		};
/* End PBXFrameworksBuildPhase section */

/* Begin PBXGroup section */
		434EF75BA662C280B0EDC75B /* Pods */ = {
			isa = PBXGroup;
			children = (
				BA6275F3EF567B7E50B231CE /* Pods-Insta Firebase.debug.xcconfig */,
				E7A94659D2412D2D23DD607B /* Pods-Insta Firebase.release.xcconfig */,
			);
			name = Pods;
			sourceTree = "<group>";
		};
		BD09037D21038D5D009E66FA = {
			isa = PBXGroup;
			children = (
				BD09038821038D5D009E66FA /* Insta Firebase */,
				BD09038721038D5D009E66FA /* Products */,
				434EF75BA662C280B0EDC75B /* Pods */,
				C27C24D3D0C2C3950C61AF49 /* Frameworks */,
			);
			sourceTree = "<group>";
		};
		BD09038721038D5D009E66FA /* Products */ = {
			isa = PBXGroup;
			children = (
				BD09038621038D5D009E66FA /* Insta Firebase.app */,
			);
			name = Products;
			sourceTree = "<group>";
		};
		BD09038821038D5D009E66FA /* Insta Firebase */ = {
			isa = PBXGroup;
			children = (
				BDF6DED92108D80C003B9B9F /* LogIn */,
				BDF6DED821080A5C003B9B9F /* Model */,
				BDF6DED32107FA71003B9B9F /* User Profile */,
				BDF6DED021066E31003B9B9F /* Controllers */,
				BD09039B21039FB3009E66FA /* Utils */,
				BD09038921038D5D009E66FA /* AppDelegate.swift */,
				BD09038D21038D5D009E66FA /* Main.storyboard */,
				BD09039021038D5E009E66FA /* Assets.xcassets */,
				BD09039221038D5E009E66FA /* LaunchScreen.storyboard */,
				BD09039521038D5E009E66FA /* Info.plist */,
				BD09039E2103FE9A009E66FA /* GoogleService-Info.plist */,
			);
			path = "Insta Firebase";
			sourceTree = "<group>";
		};
		BD09039B21039FB3009E66FA /* Utils */ = {
			isa = PBXGroup;
			children = (
				BD09039C21039FC5009E66FA /* Uitilities.swift */,
			);
			path = Utils;
			sourceTree = "<group>";
		};
		BDF6DED021066E31003B9B9F /* Controllers */ = {
			isa = PBXGroup;
			children = (
				BDF6DECE21066DC8003B9B9F /* MainTabBarController.swift */,
			);
			path = Controllers;
			sourceTree = "<group>";
		};
		BDF6DED32107FA71003B9B9F /* User Profile */ = {
			isa = PBXGroup;
			children = (
				BDF6DED12106725F003B9B9F /* UserProfileController.swift */,
				BDF6DED42107FAA1003B9B9F /* UserProfileHeaderCell.swift */,
			);
			path = "User Profile";
			sourceTree = "<group>";
		};
		BDF6DED821080A5C003B9B9F /* Model */ = {
			isa = PBXGroup;
			children = (
				BDF6DED621080A3D003B9B9F /* UserDetails.swift */,
			);
			path = Model;
			sourceTree = "<group>";
		};
		BDF6DED92108D80C003B9B9F /* LogIn */ = {
			isa = PBXGroup;
			children = (
				BDF6DEDA2108D830003B9B9F /* LoginController.swift */,
				BD09038B21038D5D009E66FA /* signUpViewController.swift */,
			);
			path = LogIn;
			sourceTree = "<group>";
		};
		C27C24D3D0C2C3950C61AF49 /* Frameworks */ = {
			isa = PBXGroup;
			children = (
				D5148552221486955550B9DF /* Pods_Insta_Firebase.framework */,
			);
			name = Frameworks;
			sourceTree = "<group>";
		};
/* End PBXGroup section */

/* Begin PBXNativeTarget section */
		BD09038521038D5D009E66FA /* Insta Firebase */ = {
			isa = PBXNativeTarget;
			buildConfigurationList = BD09039821038D5E009E66FA /* Build configuration list for PBXNativeTarget "Insta Firebase" */;
			buildPhases = (
				3C008EB3CDD905674729D860 /* [CP] Check Pods Manifest.lock */,
				BD09038221038D5D009E66FA /* Sources */,
				BD09038321038D5D009E66FA /* Frameworks */,
				BD09038421038D5D009E66FA /* Resources */,
				60D618F9A4E2F9FAF24B1745 /* [CP] Embed Pods Frameworks */,
			);
			buildRules = (
			);
			dependencies = (
			);
			name = "Insta Firebase";
			productName = "Insta Firebase";
			productReference = BD09038621038D5D009E66FA /* Insta Firebase.app */;
			productType = "com.apple.product-type.application";
		};
/* End PBXNativeTarget section */

/* Begin PBXProject section */
		BD09037E21038D5D009E66FA /* Project object */ = {
			isa = PBXProject;
			attributes = {
				LastSwiftUpdateCheck = 0940;
				LastUpgradeCheck = 0940;
				ORGANIZATIONNAME = "Viswa Kodela";
				TargetAttributes = {
					BD09038521038D5D009E66FA = {
						CreatedOnToolsVersion = 9.4.1;
					};
				};
			};
			buildConfigurationList = BD09038121038D5D009E66FA /* Build configuration list for PBXProject "Insta Firebase" */;
			compatibilityVersion = "Xcode 9.3";
			developmentRegion = en;
			hasScannedForEncodings = 0;
			knownRegions = (
				en,
				Base,
			);
			mainGroup = BD09037D21038D5D009E66FA;
			productRefGroup = BD09038721038D5D009E66FA /* Products */;
			projectDirPath = "";
			projectRoot = "";
			targets = (
				BD09038521038D5D009E66FA /* Insta Firebase */,
			);
		};
/* End PBXProject section */

/* Begin PBXResourcesBuildPhase section */
		BD09038421038D5D009E66FA /* Resources */ = {
			isa = PBXResourcesBuildPhase;
			buildActionMask = 2147483647;
			files = (
				BD09039421038D5E009E66FA /* LaunchScreen.storyboard in Resources */,
				BD09039F2103FE9A009E66FA /* GoogleService-Info.plist in Resources */,
				BD09039121038D5E009E66FA /* Assets.xcassets in Resources */,
				BD09038F21038D5D009E66FA /* Main.storyboard in Resources */,
			);
			runOnlyForDeploymentPostprocessing = 0;
		};
/* End PBXResourcesBuildPhase section */

/* Begin PBXShellScriptBuildPhase section */
		3C008EB3CDD905674729D860 /* [CP] Check Pods Manifest.lock */ = {
			isa = PBXShellScriptBuildPhase;
			buildActionMask = 2147483647;
			files = (
			);
			inputPaths = (
				"${PODS_PODFILE_DIR_PATH}/Podfile.lock",
				"${PODS_ROOT}/Manifest.lock",
			);
			name = "[CP] Check Pods Manifest.lock";
			outputPaths = (
				"$(DERIVED_FILE_DIR)/Pods-Insta Firebase-checkManifestLockResult.txt",
			);
			runOnlyForDeploymentPostprocessing = 0;
			shellPath = /bin/sh;
			shellScript = "diff \"${PODS_PODFILE_DIR_PATH}/Podfile.lock\" \"${PODS_ROOT}/Manifest.lock\" > /dev/null\nif [ $? != 0 ] ; then\n    # print error to STDERR\n    echo \"error: The sandbox is not in sync with the Podfile.lock. Run 'pod install' or update your CocoaPods installation.\" >&2\n    exit 1\nfi\n# This output is used by Xcode 'outputs' to avoid re-running this script phase.\necho \"SUCCESS\" > \"${SCRIPT_OUTPUT_FILE_0}\"\n";
			showEnvVarsInLog = 0;
		};
		60D618F9A4E2F9FAF24B1745 /* [CP] Embed Pods Frameworks */ = {
			isa = PBXShellScriptBuildPhase;
			buildActionMask = 2147483647;
			files = (
			);
			inputPaths = (
				"${SRCROOT}/Pods/Target Support Files/Pods-Insta Firebase/Pods-Insta Firebase-frameworks.sh",
				"${BUILT_PRODUCTS_DIR}/GTMSessionFetcher/GTMSessionFetcher.framework",
				"${BUILT_PRODUCTS_DIR}/GoogleToolboxForMac/GoogleToolboxForMac.framework",
				"${BUILT_PRODUCTS_DIR}/leveldb-library/leveldb.framework",
				"${BUILT_PRODUCTS_DIR}/nanopb/nanopb.framework",
			);
			name = "[CP] Embed Pods Frameworks";
			outputPaths = (
				"${TARGET_BUILD_DIR}/${FRAMEWORKS_FOLDER_PATH}/GTMSessionFetcher.framework",
				"${TARGET_BUILD_DIR}/${FRAMEWORKS_FOLDER_PATH}/GoogleToolboxForMac.framework",
				"${TARGET_BUILD_DIR}/${FRAMEWORKS_FOLDER_PATH}/leveldb.framework",
				"${TARGET_BUILD_DIR}/${FRAMEWORKS_FOLDER_PATH}/nanopb.framework",
			);
			runOnlyForDeploymentPostprocessing = 0;
			shellPath = /bin/sh;
			shellScript = "\"${SRCROOT}/Pods/Target Support Files/Pods-Insta Firebase/Pods-Insta Firebase-frameworks.sh\"\n";
			showEnvVarsInLog = 0;
		};
/* End PBXShellScriptBuildPhase section */

/* Begin PBXSourcesBuildPhase section */
		BD09038221038D5D009E66FA /* Sources */ = {
			isa = PBXSourcesBuildPhase;
			buildActionMask = 2147483647;
			files = (
				BD09038C21038D5D009E66FA /* signUpViewController.swift in Sources */,
				BDF6DED52107FAA1003B9B9F /* UserProfileHeaderCell.swift in Sources */,
				BD09038A21038D5D009E66FA /* AppDelegate.swift in Sources */,
				BDF6DECF21066DC8003B9B9F /* MainTabBarController.swift in Sources */,
				BDF6DED721080A3D003B9B9F /* UserDetails.swift in Sources */,
				BDF6DEDB2108D830003B9B9F /* LoginController.swift in Sources */,
				BDF6DED22106725F003B9B9F /* UserProfileController.swift in Sources */,
				BD09039D21039FC5009E66FA /* Uitilities.swift in Sources */,
			);
			runOnlyForDeploymentPostprocessing = 0;
		};
/* End PBXSourcesBuildPhase section */

/* Begin PBXVariantGroup section */
		BD09038D21038D5D009E66FA /* Main.storyboard */ = {
			isa = PBXVariantGroup;
			children = (
				BD09038E21038D5D009E66FA /* Base */,
			);
			name = Main.storyboard;
			sourceTree = "<group>";
		};
		BD09039221038D5E009E66FA /* LaunchScreen.storyboard */ = {
			isa = PBXVariantGroup;
			children = (
				BD09039321038D5E009E66FA /* Base */,
			);
			name = LaunchScreen.storyboard;
			sourceTree = "<group>";
		};
/* End PBXVariantGroup section */

/* Begin XCBuildConfiguration section */
		BD09039621038D5E009E66FA /* Debug */ = {
			isa = XCBuildConfiguration;
			buildSettings = {
				ALWAYS_SEARCH_USER_PATHS = NO;
				CLANG_ANALYZER_NONNULL = YES;
				CLANG_ANALYZER_NUMBER_OBJECT_CONVERSION = YES_AGGRESSIVE;
				CLANG_CXX_LANGUAGE_STANDARD = "gnu++14";
				CLANG_CXX_LIBRARY = "libc++";
				CLANG_ENABLE_MODULES = YES;
				CLANG_ENABLE_OBJC_ARC = YES;
				CLANG_ENABLE_OBJC_WEAK = YES;
				CLANG_WARN_BLOCK_CAPTURE_AUTORELEASING = YES;
				CLANG_WARN_BOOL_CONVERSION = YES;
				CLANG_WARN_COMMA = YES;
				CLANG_WARN_CONSTANT_CONVERSION = YES;
				CLANG_WARN_DEPRECATED_OBJC_IMPLEMENTATIONS = YES;
				CLANG_WARN_DIRECT_OBJC_ISA_USAGE = YES_ERROR;
				CLANG_WARN_DOCUMENTATION_COMMENTS = YES;
				CLANG_WARN_EMPTY_BODY = YES;
				CLANG_WARN_ENUM_CONVERSION = YES;
				CLANG_WARN_INFINITE_RECURSION = YES;
				CLANG_WARN_INT_CONVERSION = YES;
				CLANG_WARN_NON_LITERAL_NULL_CONVERSION = YES;
				CLANG_WARN_OBJC_IMPLICIT_RETAIN_SELF = YES;
				CLANG_WARN_OBJC_LITERAL_CONVERSION = YES;
				CLANG_WARN_OBJC_ROOT_CLASS = YES_ERROR;
				CLANG_WARN_RANGE_LOOP_ANALYSIS = YES;
				CLANG_WARN_STRICT_PROTOTYPES = YES;
				CLANG_WARN_SUSPICIOUS_MOVE = YES;
				CLANG_WARN_UNGUARDED_AVAILABILITY = YES_AGGRESSIVE;
				CLANG_WARN_UNREACHABLE_CODE = YES;
				CLANG_WARN__DUPLICATE_METHOD_MATCH = YES;
				CODE_SIGN_IDENTITY = "iPhone Developer";
				COPY_PHASE_STRIP = NO;
				DEBUG_INFORMATION_FORMAT = dwarf;
				ENABLE_STRICT_OBJC_MSGSEND = YES;
				ENABLE_TESTABILITY = YES;
				GCC_C_LANGUAGE_STANDARD = gnu11;
				GCC_DYNAMIC_NO_PIC = NO;
				GCC_NO_COMMON_BLOCKS = YES;
				GCC_OPTIMIZATION_LEVEL = 0;
				GCC_PREPROCESSOR_DEFINITIONS = (
					"DEBUG=1",
					"$(inherited)",
				);
				GCC_WARN_64_TO_32_BIT_CONVERSION = YES;
				GCC_WARN_ABOUT_RETURN_TYPE = YES_ERROR;
				GCC_WARN_UNDECLARED_SELECTOR = YES;
				GCC_WARN_UNINITIALIZED_AUTOS = YES_AGGRESSIVE;
				GCC_WARN_UNUSED_FUNCTION = YES;
				GCC_WARN_UNUSED_VARIABLE = YES;
				IPHONEOS_DEPLOYMENT_TARGET = 11.4;
				MTL_ENABLE_DEBUG_INFO = YES;
				ONLY_ACTIVE_ARCH = YES;
				SDKROOT = iphoneos;
				SWIFT_ACTIVE_COMPILATION_CONDITIONS = DEBUG;
				SWIFT_OPTIMIZATION_LEVEL = "-Onone";
			};
			name = Debug;
		};
		BD09039721038D5E009E66FA /* Release */ = {
			isa = XCBuildConfiguration;
			buildSettings = {
				ALWAYS_SEARCH_USER_PATHS = NO;
				CLANG_ANALYZER_NONNULL = YES;
				CLANG_ANALYZER_NUMBER_OBJECT_CONVERSION = YES_AGGRESSIVE;
				CLANG_CXX_LANGUAGE_STANDARD = "gnu++14";
				CLANG_CXX_LIBRARY = "libc++";
				CLANG_ENABLE_MODULES = YES;
				CLANG_ENABLE_OBJC_ARC = YES;
				CLANG_ENABLE_OBJC_WEAK = YES;
				CLANG_WARN_BLOCK_CAPTURE_AUTORELEASING = YES;
				CLANG_WARN_BOOL_CONVERSION = YES;
				CLANG_WARN_COMMA = YES;
				CLANG_WARN_CONSTANT_CONVERSION = YES;
				CLANG_WARN_DEPRECATED_OBJC_IMPLEMENTATIONS = YES;
				CLANG_WARN_DIRECT_OBJC_ISA_USAGE = YES_ERROR;
				CLANG_WARN_DOCUMENTATION_COMMENTS = YES;
				CLANG_WARN_EMPTY_BODY = YES;
				CLANG_WARN_ENUM_CONVERSION = YES;
				CLANG_WARN_INFINITE_RECURSION = YES;
				CLANG_WARN_INT_CONVERSION = YES;
				CLANG_WARN_NON_LITERAL_NULL_CONVERSION = YES;
				CLANG_WARN_OBJC_IMPLICIT_RETAIN_SELF = YES;
				CLANG_WARN_OBJC_LITERAL_CONVERSION = YES;
				CLANG_WARN_OBJC_ROOT_CLASS = YES_ERROR;
				CLANG_WARN_RANGE_LOOP_ANALYSIS = YES;
				CLANG_WARN_STRICT_PROTOTYPES = YES;
				CLANG_WARN_SUSPICIOUS_MOVE = YES;
				CLANG_WARN_UNGUARDED_AVAILABILITY = YES_AGGRESSIVE;
				CLANG_WARN_UNREACHABLE_CODE = YES;
				CLANG_WARN__DUPLICATE_METHOD_MATCH = YES;
				CODE_SIGN_IDENTITY = "iPhone Developer";
				COPY_PHASE_STRIP = NO;
				DEBUG_INFORMATION_FORMAT = "dwarf-with-dsym";
				ENABLE_NS_ASSERTIONS = NO;
				ENABLE_STRICT_OBJC_MSGSEND = YES;
				GCC_C_LANGUAGE_STANDARD = gnu11;
				GCC_NO_COMMON_BLOCKS = YES;
				GCC_WARN_64_TO_32_BIT_CONVERSION = YES;
				GCC_WARN_ABOUT_RETURN_TYPE = YES_ERROR;
				GCC_WARN_UNDECLARED_SELECTOR = YES;
				GCC_WARN_UNINITIALIZED_AUTOS = YES_AGGRESSIVE;
				GCC_WARN_UNUSED_FUNCTION = YES;
				GCC_WARN_UNUSED_VARIABLE = YES;
				IPHONEOS_DEPLOYMENT_TARGET = 11.4;
				MTL_ENABLE_DEBUG_INFO = NO;
				SDKROOT = iphoneos;
				SWIFT_COMPILATION_MODE = wholemodule;
				SWIFT_OPTIMIZATION_LEVEL = "-O";
				VALIDATE_PRODUCT = YES;
			};
			name = Release;
		};
		BD09039921038D5E009E66FA /* Debug */ = {
			isa = XCBuildConfiguration;
			baseConfigurationReference = BA6275F3EF567B7E50B231CE /* Pods-Insta Firebase.debug.xcconfig */;
			buildSettings = {
				ASSETCATALOG_COMPILER_APPICON_NAME = AppIcon;
				CODE_SIGN_STYLE = Automatic;
				DEVELOPMENT_TEAM = SFNG7GVEK8;
				INFOPLIST_FILE = "Insta Firebase/Info.plist";
				LD_RUNPATH_SEARCH_PATHS = (
					"$(inherited)",
					"@executable_path/Frameworks",
				);
				PRODUCT_BUNDLE_IDENTIFIER = "com.viswakodela.Insta-Firebase";
				PRODUCT_NAME = "$(TARGET_NAME)";
				SWIFT_VERSION = 4.0;
				TARGETED_DEVICE_FAMILY = "1,2";
			};
			name = Debug;
		};
		BD09039A21038D5E009E66FA /* Release */ = {
			isa = XCBuildConfiguration;
			baseConfigurationReference = E7A94659D2412D2D23DD607B /* Pods-Insta Firebase.release.xcconfig */;
			buildSettings = {
				ASSETCATALOG_COMPILER_APPICON_NAME = AppIcon;
				CODE_SIGN_STYLE = Automatic;
				DEVELOPMENT_TEAM = SFNG7GVEK8;
				INFOPLIST_FILE = "Insta Firebase/Info.plist";
				LD_RUNPATH_SEARCH_PATHS = (
					"$(inherited)",
					"@executable_path/Frameworks",
				);
				PRODUCT_BUNDLE_IDENTIFIER = "com.viswakodela.Insta-Firebase";
				PRODUCT_NAME = "$(TARGET_NAME)";
				SWIFT_VERSION = 4.0;
				TARGETED_DEVICE_FAMILY = "1,2";
			};
			name = Release;
		};
/* End XCBuildConfiguration section */

/* Begin XCConfigurationList section */
		BD09038121038D5D009E66FA /* Build configuration list for PBXProject "Insta Firebase" */ = {
			isa = XCConfigurationList;
			buildConfigurations = (
				BD09039621038D5E009E66FA /* Debug */,
				BD09039721038D5E009E66FA /* Release */,
			);
			defaultConfigurationIsVisible = 0;
			defaultConfigurationName = Release;
		};
		BD09039821038D5E009E66FA /* Build configuration list for PBXNativeTarget "Insta Firebase" */ = {
			isa = XCConfigurationList;
			buildConfigurations = (
				BD09039921038D5E009E66FA /* Debug */,
				BD09039A21038D5E009E66FA /* Release */,
			);
			defaultConfigurationIsVisible = 0;
			defaultConfigurationName = Release;
		};
/* End XCConfigurationList section */
	};
	rootObject = BD09037E21038D5D009E66FA /* Project object */;
}
